
Microsoft Visual Studio Solution File, Format Version 12.00
# Visual Studio 16
Project("{FAE04EC0-301F-11D3-BF4B-00C04F79EFBC}") = "Assembly-CSharp", "Assembly-CSharp.csproj", "{FDF70E3B-0925-F47A-9219-05803E6B447A}"
EndProject
Project("{FAE04EC0-301F-11D3-BF4B-00C04F79EFBC}") = "Assembly-CSharp-Editor", "Assembly-CSharp-Editor.csproj", "{F8EF990B-A71F-9831-5D6C-C0AD97B38160}"
EndProject
Global
	GlobalSection(SolutionConfigurationPlatforms) = preSolution
		Debug|Any CPU = Debug|Any CPU
		Release|Any CPU = Release|Any CPU
	EndGlobalSection
	GlobalSection(ProjectConfigurationPlatforms) = postSolution
		{FDF70E3B-0925-F47A-9219-05803E6B447A}.Debug|Any CPU.ActiveCfg = Debug|Any CPU
		{FDF70E3B-0925-F47A-9219-05803E6B447A}.Debug|Any CPU.Build.0 = Debug|Any CPU
		{FDF70E3B-0925-F47A-9219-05803E6B447A}.Release|Any CPU.ActiveCfg = Release|Any CPU
		{FDF70E3B-0925-F47A-9219-05803E6B447A}.Release|Any CPU.Build.0 = Release|Any CPU
		{F8EF990B-A71F-9831-5D6C-C0AD97B38160}.Debug|Any CPU.ActiveCfg = Debug|Any CPU
		{F8EF990B-A71F-9831-5D6C-C0AD97B38160}.Debug|Any CPU.Build.0 = Debug|Any CPU
		{F8EF990B-A71F-9831-5D6C-C0AD97B38160}.Release|Any CPU.ActiveCfg = Release|Any CPU
		{F8EF990B-A71F-9831-5D6C-C0AD97B38160}.Release|Any CPU.Build.0 = Release|Any CPU
	EndGlobalSection
	GlobalSection(SolutionProperties) = preSolution
		HideSolutionNode = FALSE
	EndGlobalSection
EndGlobal
